{
  "name": "qproc-mongo-qs",
  "version": "1.0.3",
  "lockfileVersion": 1,
  "requires": true,
  "dependencies": {
    "@types/encodeurl": {
      "version": "1.0.0",
      "resolved": "https://registry.npmjs.org/@types/encodeurl/-/encodeurl-1.0.0.tgz",
      "integrity": "sha512-iO2Q6xQOJ5DtOB6wJ2KIetFq9JRTbpzcKTe2aS6CCsa+W9KNWX2yXx9KeB5sY/nBfAWN43LkPg6SFB+ldsW9ZA=="
    },
    "encodeurl": {
      "version": "1.0.2",
      "resolved": "https://registry.npmjs.org/encodeurl/-/encodeurl-1.0.2.tgz",
      "integrity": "sha1-rT/0yG7C0CkyL1oCw6mmBslbP1k="
    },
    "typescript": {
      "version": "3.3.3333",
      "resolved": "https://registry.npmjs.org/typescript/-/typescript-3.3.3333.tgz",
      "integrity": "sha512-JjSKsAfuHBE/fB2oZ8NxtRTk5iGcg6hkYXMnZ3Wc+b2RSqejEqTaem11mHASMnFilHrax3sLK0GDzcJrekZYLw==",
      "dev": true
    }
  }
}
